{
  "version": 2,
  "dependencies": {
    "net10.0": {
      "iris.client": {
        "type": "Project",
        "dependencies": {
          "Iris.Core": "[1.0.0, )"
        }
      },
      "iris.core": {
        "type": "Project",
        "dependencies": {
          "BouncyCastle.Cryptography": "[2.4.0, )",
          "KristofferStrube.ActivityStreams": "[0.2.4, )"
        }
      },
      "iris.server": {
        "type": "Project",
        "dependencies": {
          "Iris.Client": "[1.0.0, )",
          "Iris.Core": "[1.0.0, )"
        }
      },
      "BouncyCastle.Cryptography": {
        "type": "CentralTransitive",
        "requested": "[2.4.0, )",
        "resolved": "2.4.0",
        "contentHash": "SwXsAV3sMvAU/Nn31pbjhWurYSjJ+/giI/0n6tCrYoupEK34iIHCuk3STAd9fx8yudM85KkLSVdn951vTng/vQ=="
      },
      "KristofferStrube.ActivityStreams": {
        "type": "CentralTransitive",
        "requested": "[0.2.4, )",
        "resolved": "0.2.4",
        "contentHash": "D4ZRwcsJp7mtSERwjznNENKvUHg02GGxLiLMGcDfQVXI0xXpoI6xh0sEFwxL06cXQyQIByaWylNdYlb6hx1rkw=="
      }
    }
  }
}