{
  "version": 2,
  "dependencies": {
    "net10.0": {
      "Microsoft.Extensions.DependencyInjection.Abstractions": {
        "type": "Transitive",
        "resolved": "10.0.10",
        "contentHash": "z/2xXlFw2aLGjHyEm6E0tQ+In6VfzQzTrtArbQ2c0TQE16ZbyDCMGPvaUT9I0s8rgy9sRWlU2P9waW37qV04qA=="
      },
      "iris.client": {
        "type": "Project",
        "dependencies": {
          "Iris.Core": "[1.0.0, )",
          "Microsoft.Extensions.Logging.Abstractions": "[10.0.10, )"
        }
      },
      "iris.core": {
        "type": "Project",
        "dependencies": {
          "BouncyCastle.Cryptography": "[2.7.0, )",
          "KristofferStrube.ActivityStreams": "[0.2.4, )"
        }
      },
      "iris.server": {
        "type": "Project",
        "dependencies": {
          "Iris.Client": "[1.0.0, )",
          "Iris.Core": "[1.0.0, )"
        }
      },
      "iris.server.inmemory": {
        "type": "Project",
        "dependencies": {
          "Iris.Server": "[1.0.0, )"
        }
      },
      "BouncyCastle.Cryptography": {
        "type": "CentralTransitive",
        "requested": "[2.7.0, )",
        "resolved": "2.7.0",
        "contentHash": "U+12df8UEWHgBi04YVf/Lgi2dy3SItlIYvHjjEVa/BngCQIzDCDRBk50DDByCfDvSbe5pRNFr3b7UrVK2kMcLw=="
      },
      "KristofferStrube.ActivityStreams": {
        "type": "CentralTransitive",
        "requested": "[0.2.4, )",
        "resolved": "0.2.4",
        "contentHash": "D4ZRwcsJp7mtSERwjznNENKvUHg02GGxLiLMGcDfQVXI0xXpoI6xh0sEFwxL06cXQyQIByaWylNdYlb6hx1rkw=="
      },
      "Microsoft.Extensions.Logging.Abstractions": {
        "type": "CentralTransitive",
        "requested": "[10.0.10, )",
        "resolved": "10.0.10",
        "contentHash": "zkFxGYUvdxAvIKTyXHrmW+Sux53D4SezD9dMyZ6hrwwzPQJNuwCRy1f5W7AvYTqacEGhWF2XderRQG1OvbV8og==",
        "dependencies": {
          "Microsoft.Extensions.DependencyInjection.Abstractions": "10.0.10"
        }
      }
    }
  }
}